# This file was autogenerated by uv via the following command:
#    uv export --format requirements.txt --no-hashes --extra dev --extra cuda --output-file requirements-cuda.lock
-e .
absl-py==2.5.0
    # via tensorboard
accelerate==1.14.0
    # via
    #   minillm-forge
    #   peft
aiohappyeyeballs==2.7.1
    # via aiohttp
aiohttp==3.14.3
    # via fsspec
aiosignal==1.4.0
    # via aiohttp
annotated-doc==0.0.5
    # via typer
anyio==4.15.1
    # via httpx
async-timeout==5.0.1 ; python_full_version < '3.11'
    # via aiohttp
attrs==26.1.0
    # via aiohttp
certifi==2026.7.22
    # via
    #   httpcore
    #   httpx
    #   requests
charset-normalizer==3.5.1
    # via requests
click==8.5.0
    # via huggingface-hub
colorama==0.4.6 ; sys_platform == 'win32'
    # via
    #   pytest
    #   tqdm
    #   typer
contourpy==1.3.2 ; python_full_version < '3.11'
    # via matplotlib
contourpy==1.3.3 ; python_full_version >= '3.11'
    # via matplotlib
coverage==7.16.0
    # via pytest-cov
cuda-bindings==12.9.7 ; sys_platform == 'linux'
    # via torch
cuda-pathfinder==1.8.1 ; sys_platform == 'linux'
    # via cuda-bindings
cuda-toolkit==12.8.1 ; sys_platform == 'linux'
    # via torch
cycler==0.12.1
    # via matplotlib
datasets==4.8.5
    # via minillm-forge
dill==0.4.1
    # via
    #   datasets
    #   multiprocess
exceptiongroup==1.3.1 ; python_full_version < '3.11'
    # via
    #   anyio
    #   pytest
filelock==3.32.5
    # via
    #   datasets
    #   huggingface-hub
    #   torch
fonttools==4.64.0
    # via matplotlib
frozenlist==1.8.0
    # via
    #   aiohttp
    #   aiosignal
fsspec==2026.2.0
    # via
    #   datasets
    #   huggingface-hub
    #   torch
grpcio==1.83.1
    # via tensorboard
h11==0.16.0
    # via httpcore
hf-xet==1.6.0 ; platform_machine == 'AMD64' or platform_machine == 'aarch64' or platform_machine == 'amd64' or platform_machine == 'arm64' or platform_machine == 'x86_64'
    # via huggingface-hub
httpcore==1.0.9
    # via httpx
httpx==0.28.1
    # via
    #   datasets
    #   huggingface-hub
huggingface-hub==1.30.0
    # via
    #   accelerate
    #   datasets
    #   peft
    #   tokenizers
    #   transformers
idna==3.19
    # via
    #   anyio
    #   httpx
    #   requests
    #   yarl
iniconfig==2.3.0
    # via pytest
jinja2==3.1.6
    # via torch
kiwisolver==1.5.1
    # via matplotlib
markdown==3.10.3
    # via tensorboard
markdown-it-py==4.2.0
    # via rich
markupsafe==3.0.3
    # via
    #   jinja2
    #   werkzeug
matplotlib==3.10.9 ; python_full_version < '3.11'
    # via minillm-forge
matplotlib==3.11.1 ; python_full_version >= '3.11'
    # via minillm-forge
mdurl==0.1.2
    # via markdown-it-py
mpmath==1.3.0
    # via sympy
multidict==6.7.1
    # via
    #   aiohttp
    #   yarl
multiprocess==0.70.19
    # via datasets
networkx==3.4.2 ; python_full_version < '3.11'
    # via torch
networkx==3.6.1 ; python_full_version >= '3.11'
    # via torch
numpy==2.2.6 ; python_full_version < '3.11'
    # via
    #   accelerate
    #   contourpy
    #   datasets
    #   matplotlib
    #   minillm-forge
    #   pandas
    #   peft
    #   tensorboard
    #   transformers
numpy==2.4.6 ; python_full_version == '3.11.*'
    # via
    #   accelerate
    #   contourpy
    #   datasets
    #   matplotlib
    #   minillm-forge
    #   pandas
    #   peft
    #   tensorboard
    #   transformers
numpy==2.5.2 ; python_full_version >= '3.12'
    # via
    #   accelerate
    #   contourpy
    #   datasets
    #   matplotlib
    #   minillm-forge
    #   pandas
    #   peft
    #   tensorboard
    #   transformers
nvidia-cublas-cu12==12.8.4.1 ; sys_platform == 'linux'
    # via
    #   cuda-toolkit
    #   nvidia-cudnn-cu12
    #   nvidia-cusolver-cu12
nvidia-cuda-cupti-cu12==12.8.90 ; sys_platform == 'linux'
    # via cuda-toolkit
nvidia-cuda-nvrtc-cu12==12.8.93 ; sys_platform == 'linux'
    # via cuda-toolkit
nvidia-cuda-runtime-cu12==12.8.90 ; sys_platform == 'linux'
    # via cuda-toolkit
nvidia-cudnn-cu12==9.19.0.56 ; sys_platform == 'linux'
    # via torch
nvidia-cufft-cu12==11.3.3.83 ; sys_platform == 'linux'
    # via cuda-toolkit
nvidia-cufile-cu12==1.13.1.3 ; sys_platform == 'linux'
    # via cuda-toolkit
nvidia-curand-cu12==10.3.9.90 ; sys_platform == 'linux'
    # via cuda-toolkit
nvidia-cusolver-cu12==11.7.3.90 ; sys_platform == 'linux'
    # via cuda-toolkit
nvidia-cusparse-cu12==12.5.8.93 ; sys_platform == 'linux'
    # via
    #   cuda-toolkit
    #   nvidia-cusolver-cu12
nvidia-cusparselt-cu12==0.7.1 ; sys_platform == 'linux'
    # via torch
nvidia-nccl-cu12==2.28.9 ; sys_platform == 'linux'
    # via torch
nvidia-nvjitlink-cu12==12.8.93 ; sys_platform == 'linux'
    # via
    #   cuda-toolkit
    #   nvidia-cufft-cu12
    #   nvidia-cusolver-cu12
    #   nvidia-cusparse-cu12
nvidia-nvshmem-cu12==3.4.5 ; sys_platform == 'linux'
    # via torch
nvidia-nvtx-cu12==12.8.90 ; sys_platform == 'linux'
    # via cuda-toolkit
packaging==26.3
    # via
    #   accelerate
    #   datasets
    #   huggingface-hub
    #   matplotlib
    #   peft
    #   pytest
    #   tensorboard
    #   transformers
pandas==2.3.3 ; python_full_version < '3.11'
    # via
    #   datasets
    #   minillm-forge
pandas==3.0.5 ; python_full_version >= '3.11'
    # via
    #   datasets
    #   minillm-forge
peft==0.20.0
    # via minillm-forge
pillow==12.3.0
    # via
    #   matplotlib
    #   tensorboard
pluggy==1.6.0
    # via
    #   pytest
    #   pytest-cov
propcache==0.5.2
    # via
    #   aiohttp
    #   yarl
protobuf==7.36.1
    # via tensorboard
psutil==7.2.2
    # via
    #   accelerate
    #   minillm-forge
    #   peft
pyarrow==25.0.1
    # via datasets
pygments==2.21.0
    # via
    #   pytest
    #   rich
pyparsing==3.3.2
    # via matplotlib
pytest==9.1.1
    # via
    #   minillm-forge
    #   pytest-cov
pytest-cov==7.1.0
    # via minillm-forge
python-dateutil==2.9.0.post0
    # via
    #   matplotlib
    #   pandas
pytz==2026.3.post1 ; python_full_version < '3.11'
    # via pandas
pyyaml==6.0.3
    # via
    #   accelerate
    #   datasets
    #   huggingface-hub
    #   minillm-forge
    #   peft
    #   transformers
regex==2026.9.3
    # via transformers
requests==2.34.2
    # via datasets
rich==15.0.0
    # via typer
ruff==0.16.6
    # via minillm-forge
safetensors==0.8.0
    # via
    #   accelerate
    #   peft
    #   transformers
setuptools==81.0.0
    # via
    #   tensorboard
    #   torch
shellingham==1.5.4
    # via typer
six==1.17.0
    # via python-dateutil
sympy==1.14.0
    # via torch
tensorboard==2.21.0
    # via minillm-forge
tensorboard-data-server==0.7.2
    # via tensorboard
tokenizers==0.23.2
    # via
    #   minillm-forge
    #   transformers
tomli==2.4.1 ; python_full_version <= '3.11'
    # via
    #   coverage
    #   pytest
torch==2.11.0+cu128
    # via
    #   accelerate
    #   minillm-forge
    #   peft
tqdm==4.70.0
    # via
    #   datasets
    #   huggingface-hub
    #   peft
    #   transformers
transformers==5.16.1
    # via
    #   minillm-forge
    #   peft
triton==3.6.0 ; sys_platform == 'linux'
    # via torch
typer==0.27.2
    # via transformers
typing-extensions==4.16.0
    # via
    #   aiohttp
    #   aiosignal
    #   anyio
    #   exceptiongroup
    #   grpcio
    #   huggingface-hub
    #   multidict
    #   torch
tzdata==2026.3 ; python_full_version < '3.11' or sys_platform == 'emscripten' or sys_platform == 'win32'
    # via pandas
urllib3==2.7.0
    # via requests
werkzeug==3.1.8
    # via tensorboard
xxhash==4.0.1
    # via datasets
yarl==1.24.5
    # via aiohttp
